
Microsoft Visual Studio Solution File, Format Version 12.00
# Visual Studio Version 17
VisualStudioVersion = 17.6.33723.286
MinimumVisualStudioVersion = 10.0.40219.1
Project("{FAE04EC0-301F-11D3-BF4B-00C04F79EFBC}") = "Lanco_Project", "Lanco_Project\Lanco_Project.csproj", "{C7D91F83-2C40-475E-90D1-678D32ED2FC0}"
EndProject
Global
	GlobalSection(SolutionConfigurationPlatforms) = preSolution
		Debug|Any CPU = Debug|Any CPU
		Release|Any CPU = Release|Any CPU
	EndGlobalSection
	GlobalSection(ProjectConfigurationPlatforms) = postSolution
		{C7D91F83-2C40-475E-90D1-678D32ED2FC0}.Debug|Any CPU.ActiveCfg = Debug|Any CPU
		{C7D91F83-2C40-475E-90D1-678D32ED2FC0}.Debug|Any CPU.Build.0 = Debug|Any CPU
		{C7D91F83-2C40-475E-90D1-678D32ED2FC0}.Release|Any CPU.ActiveCfg = Release|Any CPU
		{C7D91F83-2C40-475E-90D1-678D32ED2FC0}.Release|Any CPU.Build.0 = Release|Any CPU
	EndGlobalSection
	GlobalSection(SolutionProperties) = preSolution
		HideSolutionNode = FALSE
	EndGlobalSection
	GlobalSection(ExtensibilityGlobals) = postSolution
		SolutionGuid = {CABE5A65-89EC-4422-BEDB-A506A94097AD}
	EndGlobalSection
EndGlobal
